{
  "name": "prograwebconstructora",
  "lockfileVersion": 2,
  "requires": true,
  "packages": {
    "": {
      "dependencies": {
        "simple-xml-to-json": "^1.1.4"
      }
    },
    "node_modules/simple-xml-to-json": {
      "version": "1.1.4",
      "resolved": "https://registry.npmjs.org/simple-xml-to-json/-/simple-xml-to-json-1.1.4.tgz",
      "integrity": "sha512-7tz5GJN5aZjj+X66nVLMUudWfuJUxie6MLIAUgdTVXEZSa3I50kTntN5vCB+dh99bSxcqdoz/Wt1w2h23hYkmA==",
      "engines": {
        "node": ">=10.18.0"
      }
    }
  },
  "dependencies": {
    "simple-xml-to-json": {
      "version": "1.1.4",
      "resolved": "https://registry.npmjs.org/simple-xml-to-json/-/simple-xml-to-json-1.1.4.tgz",
      "integrity": "sha512-7tz5GJN5aZjj+X66nVLMUudWfuJUxie6MLIAUgdTVXEZSa3I50kTntN5vCB+dh99bSxcqdoz/Wt1w2h23hYkmA=="
    }
  }
}
